{
  "dependencies": {
    "activedirectory": {
      "version": "0.7.2",
      "resolved": "https://registry.npmjs.org/activedirectory/-/activedirectory-0.7.2.tgz",
      "from": "activedirectory@0.7.2",
      "dependencies": {
        "async": {
          "version": "2.1.5",
          "resolved": "https://registry.npmjs.org/async/-/async-2.1.5.tgz",
          "from": "async@2.1.5",
          "dependencies": {
            "lodash": {
              "version": "4.17.4",
              "resolved": "https://registry.npmjs.org/lodash/-/lodash-4.17.4.tgz",
              "from": "lodash@4.17.4"
            }
          }
        },
        "bunyan": {
          "version": "1.8.8",
          "resolved": "https://registry.npmjs.org/bunyan/-/bunyan-1.8.8.tgz",
          "from": "bunyan@1.8.8",
          "dependencies": {
            "dtrace-provider": {
              "version": "0.8.1",
              "resolved": "https://registry.npmjs.org/dtrace-provider/-/dtrace-provider-0.8.1.tgz",
              "from": "dtrace-provider@0.8.1",
              "dependencies": {
                "nan": {
                  "version": "2.5.1",
                  "resolved": "https://registry.npmjs.org/nan/-/nan-2.5.1.tgz",
                  "from": "nan@2.5.1"
                }
              }
            },
            "moment": {
              "version": "2.18.0",
              "resolved": "https://registry.npmjs.org/moment/-/moment-2.18.0.tgz",
              "from": "moment@2.18.0"
            },
            "mv": {
              "version": "2.1.1",
              "resolved": "https://registry.npmjs.org/mv/-/mv-2.1.1.tgz",
              "from": "mv@2.1.1",
              "dependencies": {
                "mkdirp": {
                  "version": "0.5.1",
                  "resolved": "https://registry.npmjs.org/mkdirp/-/mkdirp-0.5.1.tgz",
                  "from": "mkdirp@0.5.1",
                  "dependencies": {
                    "minimist": {
                      "version": "0.0.8",
                      "resolved": "https://registry.npmjs.org/minimist/-/minimist-0.0.8.tgz",
                      "from": "minimist@0.0.8"
                    }
                  }
                },
                "ncp": {
                  "version": "2.0.0",
                  "resolved": "https://registry.npmjs.org/ncp/-/ncp-2.0.0.tgz",
                  "from": "ncp@2.0.0"
                },
                "rimraf": {
                  "version": "2.4.5",
                  "resolved": "https://registry.npmjs.org/rimraf/-/rimraf-2.4.5.tgz",
                  "from": "rimraf@2.4.5",
                  "dependencies": {
                    "glob": {
                      "version": "6.0.4",
                      "resolved": "https://registry.npmjs.org/glob/-/glob-6.0.4.tgz",
                      "from": "glob@6.0.4",
                      "dependencies": {
                        "inflight": {
                          "version": "1.0.6",
                          "resolved": "https://registry.npmjs.org/inflight/-/inflight-1.0.6.tgz",
                          "from": "inflight@1.0.6",
                          "dependencies": {
                            "wrappy": {
                              "version": "1.0.2",
                              "resolved": "https://registry.npmjs.org/wrappy/-/wrappy-1.0.2.tgz",
                              "from": "wrappy@1.0.2"
                            }
                          }
                        },
                        "inherits": {
                          "version": "2.0.3",
                          "resolved": "https://registry.npmjs.org/inherits/-/inherits-2.0.3.tgz",
                          "from": "inherits@2.0.3"
                        },
                        "minimatch": {
                          "version": "3.0.3",
                          "resolved": "https://registry.npmjs.org/minimatch/-/minimatch-3.0.3.tgz",
                          "from": "minimatch@3.0.3",
                          "dependencies": {
                            "brace-expansion": {
                              "version": "1.1.6",
                              "resolved": "https://registry.npmjs.org/brace-expansion/-/brace-expansion-1.1.6.tgz",
                              "from": "brace-expansion@1.1.6",
                              "dependencies": {
                                "balanced-match": {
                                  "version": "0.4.2",
                                  "resolved": "https://registry.npmjs.org/balanced-match/-/balanced-match-0.4.2.tgz",
                                  "from": "balanced-match@0.4.2"
                                },
                                "concat-map": {
                                  "version": "0.0.1",
                                  "resolved": "https://registry.npmjs.org/concat-map/-/concat-map-0.0.1.tgz",
                                  "from": "concat-map@0.0.1"
                                }
                              }
                            }
                          }
                        },
                        "once": {
                          "version": "1.4.0",
                          "resolved": "https://registry.npmjs.org/once/-/once-1.4.0.tgz",
                          "from": "once@1.4.0",
                          "dependencies": {
                            "wrappy": {
                              "version": "1.0.2",
                              "resolved": "https://registry.npmjs.org/wrappy/-/wrappy-1.0.2.tgz",
                              "from": "wrappy@1.0.2"
                            }
                          }
                        },
                        "path-is-absolute": {
                          "version": "1.0.1",
                          "resolved": "https://registry.npmjs.org/path-is-absolute/-/path-is-absolute-1.0.1.tgz",
                          "from": "path-is-absolute@1.0.1"
                        }
                      }
                    }
                  }
                }
              }
            },
            "safe-json-stringify": {
              "version": "1.0.4",
              "resolved": "https://registry.npmjs.org/safe-json-stringify/-/safe-json-stringify-1.0.4.tgz",
              "from": "safe-json-stringify@1.0.4"
            }
          }
        },
        "ldapjs": {
          "version": "1.0.1",
          "resolved": "https://registry.npmjs.org/ldapjs/-/ldapjs-1.0.1.tgz",
          "from": "ldapjs@1.0.1",
          "dependencies": {
            "asn1": {
              "version": "0.2.3",
              "resolved": "https://registry.npmjs.org/asn1/-/asn1-0.2.3.tgz",
              "from": "asn1@0.2.3"
            },
            "assert-plus": {
              "version": "1.0.0",
              "resolved": "https://registry.npmjs.org/assert-plus/-/assert-plus-1.0.0.tgz",
              "from": "assert-plus@1.0.0"
            },
            "backoff": {
              "version": "2.5.0",
              "resolved": "https://registry.npmjs.org/backoff/-/backoff-2.5.0.tgz",
              "from": "backoff@2.5.0",
              "dependencies": {
                "precond": {
                  "version": "0.2.3",
                  "resolved": "https://registry.npmjs.org/precond/-/precond-0.2.3.tgz",
                  "from": "precond@0.2.3"
                }
              }
            },
            "dashdash": {
              "version": "1.14.1",
              "resolved": "https://registry.npmjs.org/dashdash/-/dashdash-1.14.1.tgz",
              "from": "dashdash@1.14.1"
            },
            "dtrace-provider": {
              "version": "0.7.1",
              "resolved": "https://registry.npmjs.org/dtrace-provider/-/dtrace-provider-0.7.1.tgz",
              "from": "dtrace-provider@0.7.1",
              "dependencies": {
                "nan": {
                  "version": "2.5.1",
                  "resolved": "https://registry.npmjs.org/nan/-/nan-2.5.1.tgz",
                  "from": "nan@2.5.1"
                }
              }
            },
            "ldap-filter": {
              "version": "0.2.2",
              "resolved": "https://registry.npmjs.org/ldap-filter/-/ldap-filter-0.2.2.tgz",
              "from": "ldap-filter@0.2.2",
              "dependencies": {
                "assert-plus": {
                  "version": "0.1.5",
                  "resolved": "https://registry.npmjs.org/assert-plus/-/assert-plus-0.1.5.tgz",
                  "from": "assert-plus@0.1.5"
                }
              }
            },
            "once": {
              "version": "1.4.0",
              "resolved": "https://registry.npmjs.org/once/-/once-1.4.0.tgz",
              "from": "once@1.4.0",
              "dependencies": {
                "wrappy": {
                  "version": "1.0.2",
                  "resolved": "https://registry.npmjs.org/wrappy/-/wrappy-1.0.2.tgz",
                  "from": "wrappy@1.0.2"
                }
              }
            },
            "vasync": {
              "version": "1.6.4",
              "resolved": "https://registry.npmjs.org/vasync/-/vasync-1.6.4.tgz",
              "from": "vasync@1.6.4",
              "dependencies": {
                "verror": {
                  "version": "1.6.0",
                  "resolved": "https://registry.npmjs.org/verror/-/verror-1.6.0.tgz",
                  "from": "verror@1.6.0",
                  "dependencies": {
                    "extsprintf": {
                      "version": "1.2.0",
                      "resolved": "https://registry.npmjs.org/extsprintf/-/extsprintf-1.2.0.tgz",
                      "from": "extsprintf@1.2.0"
                    }
                  }
                }
              }
            },
            "verror": {
              "version": "1.9.0",
              "resolved": "https://registry.npmjs.org/verror/-/verror-1.9.0.tgz",
              "from": "verror@1.9.0",
              "dependencies": {
                "core-util-is": {
                  "version": "1.0.2",
                  "resolved": "https://registry.npmjs.org/core-util-is/-/core-util-is-1.0.2.tgz",
                  "from": "core-util-is@1.0.2"
                },
                "extsprintf": {
                  "version": "1.3.0",
                  "resolved": "https://registry.npmjs.org/extsprintf/-/extsprintf-1.3.0.tgz",
                  "from": "extsprintf@1.3.0"
                }
              }
            }
          }
        },
        "underscore": {
          "version": "1.8.3",
          "resolved": "https://registry.npmjs.org/underscore/-/underscore-1.8.3.tgz",
          "from": "underscore@1.8.3"
        }
      }
    }
  }
}
